<?xml version="1.0" encoding="utf-8"?>
<Project ToolsVersion="4.0" xmlns="http://schemas.microsoft.com/developer/msbuild/2003">
  <ItemGroup>
    <Filter Include="Source Files">
      <UniqueIdentifier>{4FC737F1-C7A5-4376-A066-2A32D752A2FF}</UniqueIdentifier>
      <Extensions>cpp;c;cc;cxx;c++;cppm;ixx;def;odl;idl;hpj;bat;asm;asmx</Extensions>
    </Filter>
    <Filter Include="Header Files">
      <UniqueIdentifier>{93995380-89BD-4b04-88EB-625FBE52EBFB}</UniqueIdentifier>
      <Extensions>h;hh;hpp;hxx;h++;hm;inl;inc;ipp;xsd</Extensions>
    </Filter>
    <Filter Include="Resource Files">
      <UniqueIdentifier>{67DA6AB6-F800-4c08-8B7A-83BB121AAD01}</UniqueIdentifier>
      <Extensions>rc;ico;cur;bmp;dlg;rc2;rct;bin;rgs;gif;jpg;jpeg;jpe;resx;tiff;tif;png;wav;mfcribbon-ms</Extensions>
    </Filter>
    <Filter Include="Header Files\Application">
      <UniqueIdentifier>{525475b2-7c63-430f-b33e-1e2570b7f0e7}</UniqueIdentifier>
    </Filter>
    <Filter Include="Header Files\Raytracing">
      <UniqueIdentifier>{1d484704-8830-4c18-9701-1a8699a21ff7}</UniqueIdentifier>
    </Filter>
    <Filter Include="Source Files\Application">
      <UniqueIdentifier>{b1ee8d2c-adfc-4f6a-a9f9-beea8d596ded}</UniqueIdentifier>
    </Filter>
    <Filter Include="Source Files\Raytracing">
      <UniqueIdentifier>{ad61db4f-b3fb-499d-9c30-da5b31aa82fd}</UniqueIdentifier>
    </Filter>
    <Filter Include="Shaders">
      <UniqueIdentifier>{f7885dbb-65e9-4c3a-8280-f2fd80b67271}</UniqueIdentifier>
    </Filter>
    <Filter Include="Header Files\Raytracing\Objects">
      <UniqueIdentifier>{8c3640d1-77b1-4872-850b-2ad638d2135f}</UniqueIdentifier>
    </Filter>
    <Filter Include="Source Files\Raytracing\Object">
      <UniqueIdentifier>{f0685259-28b2-41cf-bde8-ef6c5c0ca7e3}</UniqueIdentifier>
    </Filter>
  </ItemGroup>
  <ItemGroup>
    <ClCompile Include="src\App.cpp">
      <Filter>Source Files\Application</Filter>
    </ClCompile>
    <ClCompile Include="src\ExceptionHandling.cpp">
      <Filter>Source Files\Application</Filter>
    </ClCompile>
    <ClCompile Include="src\FullScreenBlit.cpp">
      <Filter>Source Files\Application</Filter>
    </ClCompile>
    <ClCompile Include="src\Graphics.cpp">
      <Filter>Source Files\Application</Filter>
    </ClCompile>
    <ClCompile Include="src\Main.cpp">
      <Filter>Source Files\Application</Filter>
    </ClCompile>
    <ClCompile Include="src\CPURaytracer.cpp">
      <Filter>Source Files\Raytracing</Filter>
    </ClCompile>
    <ClCompile Include="src\RenderObject.cpp">
      <Filter>Source Files\Raytracing\Object</Filter>
    </ClCompile>
    <ClCompile Include="src\SphereObject.cpp">
      <Filter>Source Files\Raytracing\Object</Filter>
    </ClCompile>
  </ItemGroup>
  <ItemGroup>
    <ClInclude Include="src\DX11Include.h">
      <Filter>Header Files\Application</Filter>
    </ClInclude>
    <ClInclude Include="src\App.h">
      <Filter>Header Files\Application</Filter>
    </ClInclude>
    <ClInclude Include="src\CommonHeader.h">
      <Filter>Header Files\Application</Filter>
    </ClInclude>
    <ClInclude Include="src\ExceptionHandling.h">
      <Filter>Header Files\Application</Filter>
    </ClInclude>
    <ClInclude Include="src\FullScreenBlit.h">
      <Filter>Header Files\Application</Filter>
    </ClInclude>
    <ClInclude Include="src\Graphics.h">
      <Filter>Header Files\Application</Filter>
    </ClInclude>
    <ClInclude Include="src\CPURaytracer.h">
      <Filter>Header Files\Raytracing</Filter>
    </ClInclude>
    <ClInclude Include="src\vec3.h">
      <Filter>Header Files\Raytracing</Filter>
    </ClInclude>
    <ClInclude Include="src\Ray.h">
      <Filter>Header Files\Raytracing</Filter>
    </ClInclude>
    <ClInclude Include="src\RenderObject.h">
      <Filter>Header Files\Raytracing\Objects</Filter>
    </ClInclude>
    <ClInclude Include="src\SphereObject.h">
      <Filter>Header Files\Raytracing\Objects</Filter>
    </ClInclude>
  </ItemGroup>
  <ItemGroup>
    <FxCompile Include="Assets\FullScreenPS.hlsl">
      <Filter>Shaders</Filter>
    </FxCompile>
    <FxCompile Include="Assets\FullScreenVS.hlsl">
      <Filter>Shaders</Filter>
    </FxCompile>
    <FxCompile Include="Assets\UpdateFrameBuffer.hlsl">
      <Filter>Shaders</Filter>
    </FxCompile>
  </ItemGroup>
</Project>